{
  "name": "geodetic",
  "version": "1.0.9",
  "lockfileVersion": 1,
  "requires": true,
  "dependencies": {
    "@types/node": {
      "version": "12.12.22",
      "resolved": "https://registry.npmjs.org/@types/node/-/node-12.12.22.tgz",
      "integrity": "sha512-r5i93jqbPWGXYXxianGATOxTelkp6ih/U0WVnvaqAvTqM+0U6J3kw6Xk6uq/dWNRkEVw/0SLcO5ORXbVNz4FMQ==",
      "dev": true
    },
    "typescript": {
      "version": "3.7.4",
      "resolved": "https://registry.npmjs.org/typescript/-/typescript-3.7.4.tgz",
      "integrity": "sha512-A25xv5XCtarLwXpcDNZzCGvW2D1S3/bACratYBx2sax8PefsFhlYmkQicKHvpYflFS8if4zne5zT5kpJ7pzuvw==",
      "dev": true
    },
    "unitsnet-js": {
      "version": "1.0.10",
      "resolved": "https://registry.npmjs.org/unitsnet-js/-/unitsnet-js-1.0.10.tgz",
      "integrity": "sha512-V9+9HdX5kkntVoE2XVXuI9om0h9aIa/+tNbZRjoArMwJ2W1OToNxyYTFfsMJAFXzuoYtQTw8bbByaB7n809eVg=="
    }
  }
}
